
Microsoft Visual Studio Solution File, Format Version 12.00
# Visual Studio Version 17
VisualStudioVersion = 17.8.34525.116
MinimumVisualStudioVersion = 10.0.40219.1
Project("{9A19103F-16F7-4668-BE54-9A1E7A4F7556}") = "CheckersClasslib", "CheckersClasslib\CheckersClasslib.csproj", "{AD9E89D8-B18D-431B-B7F4-645EB5132BBA}"
EndProject
Project("{FAE04EC0-301F-11D3-BF4B-00C04F79EFBC}") = "Forms", "Forms\Forms.csproj", "{E365A49A-006A-44D2-AC54-DBE42B7B5EFF}"
EndProject
Global
	GlobalSection(SolutionConfigurationPlatforms) = preSolution
		Debug|Any CPU = Debug|Any CPU
		Release|Any CPU = Release|Any CPU
	EndGlobalSection
	GlobalSection(ProjectConfigurationPlatforms) = postSolution
		{AD9E89D8-B18D-431B-B7F4-645EB5132BBA}.Debug|Any CPU.ActiveCfg = Debug|Any CPU
		{AD9E89D8-B18D-431B-B7F4-645EB5132BBA}.Debug|Any CPU.Build.0 = Debug|Any CPU
		{AD9E89D8-B18D-431B-B7F4-645EB5132BBA}.Release|Any CPU.ActiveCfg = Release|Any CPU
		{AD9E89D8-B18D-431B-B7F4-645EB5132BBA}.Release|Any CPU.Build.0 = Release|Any CPU
		{E365A49A-006A-44D2-AC54-DBE42B7B5EFF}.Debug|Any CPU.ActiveCfg = Debug|Any CPU
		{E365A49A-006A-44D2-AC54-DBE42B7B5EFF}.Debug|Any CPU.Build.0 = Debug|Any CPU
		{E365A49A-006A-44D2-AC54-DBE42B7B5EFF}.Release|Any CPU.ActiveCfg = Release|Any CPU
		{E365A49A-006A-44D2-AC54-DBE42B7B5EFF}.Release|Any CPU.Build.0 = Release|Any CPU
	EndGlobalSection
	GlobalSection(SolutionProperties) = preSolution
		HideSolutionNode = FALSE
	EndGlobalSection
	GlobalSection(ExtensibilityGlobals) = postSolution
		SolutionGuid = {7DDF2CC7-4834-4519-A67B-CA6FE5E79712}
	EndGlobalSection
EndGlobal
